
Microsoft Visual Studio Solution File, Format Version 12.00
# Visual Studio 2017
Project("{FAE04EC0-301F-11D3-BF4B-00C04F79EFBC}") = "simpleRPG", "simpleRPG.csproj", "{54A92ADE-78AC-26D5-69E2-83B271F809B8}"
EndProject
Project("{FAE04EC0-301F-11D3-BF4B-00C04F79EFBC}") = "simpleRPG.Editor", "simpleRPG.Editor.csproj", "{5C97A24A-81C8-3340-AAFD-A87790209927}"
EndProject
Global
	GlobalSection(SolutionConfigurationPlatforms) = preSolution
		Debug|Any CPU = Debug|Any CPU
		Release|Any CPU = Release|Any CPU
	EndGlobalSection
	GlobalSection(ProjectConfigurationPlatforms) = postSolution
		{54A92ADE-78AC-26D5-69E2-83B271F809B8}.Debug|Any CPU.ActiveCfg = Debug|Any CPU
		{54A92ADE-78AC-26D5-69E2-83B271F809B8}.Debug|Any CPU.Build.0 = Debug|Any CPU
		{54A92ADE-78AC-26D5-69E2-83B271F809B8}.Release|Any CPU.ActiveCfg = Release|Any CPU
		{54A92ADE-78AC-26D5-69E2-83B271F809B8}.Release|Any CPU.Build.0 = Release|Any CPU
		{5C97A24A-81C8-3340-AAFD-A87790209927}.Debug|Any CPU.ActiveCfg = Debug|Any CPU
		{5C97A24A-81C8-3340-AAFD-A87790209927}.Debug|Any CPU.Build.0 = Debug|Any CPU
		{5C97A24A-81C8-3340-AAFD-A87790209927}.Release|Any CPU.ActiveCfg = Release|Any CPU
		{5C97A24A-81C8-3340-AAFD-A87790209927}.Release|Any CPU.Build.0 = Release|Any CPU
	EndGlobalSection
	GlobalSection(SolutionProperties) = preSolution
		HideSolutionNode = FALSE
	EndGlobalSection
EndGlobal
